
Microsoft Visual Studio Solution File, Format Version 12.00
# Visual Studio Version 17
VisualStudioVersion = 17.10.35027.167
MinimumVisualStudioVersion = 10.0.40219.1
Project("{FAE04EC0-301F-11D3-BF4B-00C04F79EFBC}") = "BLE FTMS bridge", "BLE FTMS bridge\BLE FTMS bridge.csproj", "{57D1C243-B59C-448E-9413-378C8B9DEEBC}"
EndProject
Global
	GlobalSection(SolutionConfigurationPlatforms) = preSolution
		Debug|Any CPU = Debug|Any CPU
		Release|Any CPU = Release|Any CPU
	EndGlobalSection
	GlobalSection(ProjectConfigurationPlatforms) = postSolution
		{57D1C243-B59C-448E-9413-378C8B9DEEBC}.Debug|Any CPU.ActiveCfg = Debug|Any CPU
		{57D1C243-B59C-448E-9413-378C8B9DEEBC}.Debug|Any CPU.Build.0 = Debug|Any CPU
		{57D1C243-B59C-448E-9413-378C8B9DEEBC}.Release|Any CPU.ActiveCfg = Release|Any CPU
		{57D1C243-B59C-448E-9413-378C8B9DEEBC}.Release|Any CPU.Build.0 = Release|Any CPU
	EndGlobalSection
	GlobalSection(SolutionProperties) = preSolution
		HideSolutionNode = FALSE
	EndGlobalSection
	GlobalSection(ExtensibilityGlobals) = postSolution
		SolutionGuid = {F237F798-68A5-4C63-AB0E-E20E783894BA}
	EndGlobalSection
EndGlobal
